
Microsoft Visual Studio Solution File, Format Version 12.00
# Visual Studio Version 17
VisualStudioVersion = 17.12.35506.116 d17.12
MinimumVisualStudioVersion = 10.0.40219.1
Project("{8BC9CEB8-8B4A-11D0-8D11-00A0C91BC942}") = "Chap0Skeleton", "Chap0Skeleton.vcxproj", "{569E5C72-F6F3-4CCA-B306-26E9D343EF0D}"
EndProject
Global
	GlobalSection(SolutionConfigurationPlatforms) = preSolution
		Debug|x64 = Debug|x64
		Debug|x86 = Debug|x86
		Release|x64 = Release|x64
		Release|x86 = Release|x86
		SDL_VS_x64|x64 = SDL_VS_x64|x64
		SDL_VS_x64|x86 = SDL_VS_x64|x86
	EndGlobalSection
	GlobalSection(ProjectConfigurationPlatforms) = postSolution
		{569E5C72-F6F3-4CCA-B306-26E9D343EF0D}.Debug|x64.ActiveCfg = Debug|x64
		{569E5C72-F6F3-4CCA-B306-26E9D343EF0D}.Debug|x64.Build.0 = Debug|x64
		{569E5C72-F6F3-4CCA-B306-26E9D343EF0D}.Debug|x86.ActiveCfg = Debug|Win32
		{569E5C72-F6F3-4CCA-B306-26E9D343EF0D}.Debug|x86.Build.0 = Debug|Win32
		{569E5C72-F6F3-4CCA-B306-26E9D343EF0D}.Release|x64.ActiveCfg = Release|x64
		{569E5C72-F6F3-4CCA-B306-26E9D343EF0D}.Release|x64.Build.0 = Release|x64
		{569E5C72-F6F3-4CCA-B306-26E9D343EF0D}.Release|x86.ActiveCfg = Release|Win32
		{569E5C72-F6F3-4CCA-B306-26E9D343EF0D}.Release|x86.Build.0 = Release|Win32
		{569E5C72-F6F3-4CCA-B306-26E9D343EF0D}.SDL_VS_x64|x64.ActiveCfg = SDL_VS_x64|x64
		{569E5C72-F6F3-4CCA-B306-26E9D343EF0D}.SDL_VS_x64|x64.Build.0 = SDL_VS_x64|x64
		{569E5C72-F6F3-4CCA-B306-26E9D343EF0D}.SDL_VS_x64|x86.ActiveCfg = SDL_VS_x64|Win32
		{569E5C72-F6F3-4CCA-B306-26E9D343EF0D}.SDL_VS_x64|x86.Build.0 = SDL_VS_x64|Win32
	EndGlobalSection
	GlobalSection(SolutionProperties) = preSolution
		HideSolutionNode = FALSE
	EndGlobalSection
EndGlobal
